# This file is automatically @generated by Poetry 2.1.2 and should not be changed by hand.

[[package]]
name = "pillow"
version = "11.2.1"
description = "Python Imaging Library (Fork)"
optional = false
python-versions = ">=3.9"
groups = ["main"]
files = [
    {file = "pillow-11.2.1-cp310-cp310-macosx_10_10_x86_64.whl", hash = "sha256:d57a75d53922fc20c165016a20d9c44f73305e67c351bbc60d1adaf662e74047"},
    {file = "pillow-11.2.1-cp310-cp310-macosx_11_0_arm64.whl", hash = "sha256:127bf6ac4a5b58b3d32fc8289656f77f80567d65660bc46f72c0d77e6600cc95"},
    {file = "pillow-11.2.1-cp310-cp310-manylinux_2_17_aarch64.manylinux2014_aarch64.whl", hash = "sha256:b4ba4be812c7a40280629e55ae0b14a0aafa150dd6451297562e1764808bbe61"},
    {file = "pillow-11.2.1-cp310-cp310-manylinux_2_17_x86_64.manylinux2014_x86_64.whl", hash = "sha256:c8bd62331e5032bc396a93609982a9ab6b411c05078a52f5fe3cc59234a3abd1"},
    {file = "pillow-11.2.1-cp310-cp310-manylinux_2_28_aarch64.whl", hash = "sha256:562d11134c97a62fe3af29581f083033179f7ff435f78392565a1ad2d1c2c45c"},
    {file = "pillow-11.2.1-cp310-cp310-manylinux_2_28_x86_64.whl", hash = "sha256:c97209e85b5be259994eb5b69ff50c5d20cca0f458ef9abd835e262d9d88b39d"},
    {file = "pillow-11.2.1-cp310-cp310-musllinux_1_2_aarch64.whl", hash = "sha256:0c3e6d0f59171dfa2e25d7116217543310908dfa2770aa64b8f87605f8cacc97"},
    {file = "pillow-11.2.1-cp310-cp310-musllinux_1_2_x86_64.whl", hash = "sha256:cc1c3bc53befb6096b84165956e886b1729634a799e9d6329a0c512ab651e579"},
    {file = "pillow-11.2.1-cp310-cp310-win32.whl", hash = "sha256:312c77b7f07ab2139924d2639860e084ec2a13e72af54d4f08ac843a5fc9c79d"},
    {file = "pillow-11.2.1-cp310-cp310-win_amd64.whl", hash = "sha256:9bc7ae48b8057a611e5fe9f853baa88093b9a76303937449397899385da06fad"},
    {file = "pillow-11.2.1-cp310-cp310-win_arm64.whl", hash = "sha256:2728567e249cdd939f6cc3d1f049595c66e4187f3c34078cbc0a7d21c47482d2"},
    {file = "pillow-11.2.1-cp311-cp311-macosx_10_10_x86_64.whl", hash = "sha256:35ca289f712ccfc699508c4658a1d14652e8033e9b69839edf83cbdd0ba39e70"},
    {file = "pillow-11.2.1-cp311-cp311-macosx_11_0_arm64.whl", hash = "sha256:e0409af9f829f87a2dfb7e259f78f317a5351f2045158be321fd135973fff7bf"},
    {file = "pillow-11.2.1-cp311-cp311-manylinux_2_17_aarch64.manylinux2014_aarch64.whl", hash = "sha256:d4e5c5edee874dce4f653dbe59db7c73a600119fbea8d31f53423586ee2aafd7"},
    {file = "pillow-11.2.1-cp311-cp311-manylinux_2_17_x86_64.manylinux2014_x86_64.whl", hash = "sha256:b93a07e76d13bff9444f1a029e0af2964e654bfc2e2c2d46bfd080df5ad5f3d8"},
    {file = "pillow-11.2.1-cp311-cp311-manylinux_2_28_aarch64.whl", hash = "sha256:e6def7eed9e7fa90fde255afaf08060dc4b343bbe524a8f69bdd2a2f0018f600"},
    {file = "pillow-11.2.1-cp311-cp311-manylinux_2_28_x86_64.whl", hash = "sha256:8f4f3724c068be008c08257207210c138d5f3731af6c155a81c2b09a9eb3a788"},
    {file = "pillow-11.2.1-cp311-cp311-musllinux_1_2_aarch64.whl", hash = "sha256:a0a6709b47019dff32e678bc12c63008311b82b9327613f534e496dacaefb71e"},
    {file = "pillow-11.2.1-cp311-cp311-musllinux_1_2_x86_64.whl", hash = "sha256:f6b0c664ccb879109ee3ca702a9272d877f4fcd21e5eb63c26422fd6e415365e"},
    {file = "pillow-11.2.1-cp311-cp311-win32.whl", hash = "sha256:cc5d875d56e49f112b6def6813c4e3d3036d269c008bf8aef72cd08d20ca6df6"},
    {file = "pillow-11.2.1-cp311-cp311-win_amd64.whl", hash = "sha256:0f5c7eda47bf8e3c8a283762cab94e496ba977a420868cb819159980b6709193"},
    {file = "pillow-11.2.1-cp311-cp311-win_arm64.whl", hash = "sha256:4d375eb838755f2528ac8cbc926c3e31cc49ca4ad0cf79cff48b20e30634a4a7"},
    {file = "pillow-11.2.1-cp312-cp312-macosx_10_13_x86_64.whl", hash = "sha256:78afba22027b4accef10dbd5eed84425930ba41b3ea0a86fa8d20baaf19d807f"},
    {file = "pillow-11.2.1-cp312-cp312-macosx_11_0_arm64.whl", hash = "sha256:78092232a4ab376a35d68c4e6d5e00dfd73454bd12b230420025fbe178ee3b0b"},
    {file = "pillow-11.2.1-cp312-cp312-manylinux_2_17_aarch64.manylinux2014_aarch64.whl", hash = "sha256:25a5f306095c6780c52e6bbb6109624b95c5b18e40aab1c3041da3e9e0cd3e2d"},
    {file = "pillow-11.2.1-cp312-cp312-manylinux_2_17_x86_64.manylinux2014_x86_64.whl", hash = "sha256:0c7b29dbd4281923a2bfe562acb734cee96bbb129e96e6972d315ed9f232bef4"},
    {file = "pillow-11.2.1-cp312-cp312-manylinux_2_28_aarch64.whl", hash = "sha256:3e645b020f3209a0181a418bffe7b4a93171eef6c4ef6cc20980b30bebf17b7d"},
    {file = "pillow-11.2.1-cp312-cp312-manylinux_2_28_x86_64.whl", hash = "sha256:b2dbea1012ccb784a65349f57bbc93730b96e85b42e9bf7b01ef40443db720b4"},
    {file = "pillow-11.2.1-cp312-cp312-musllinux_1_2_aarch64.whl", hash = "sha256:da3104c57bbd72948d75f6a9389e6727d2ab6333c3617f0a89d72d4940aa0443"},
    {file = "pillow-11.2.1-cp312-cp312-musllinux_1_2_x86_64.whl", hash = "sha256:598174aef4589af795f66f9caab87ba4ff860ce08cd5bb447c6fc553ffee603c"},
    {file = "pillow-11.2.1-cp312-cp312-win32.whl", hash = "sha256:1d535df14716e7f8776b9e7fee118576d65572b4aad3ed639be9e4fa88a1cad3"},
    {file = "pillow-11.2.1-cp312-cp312-win_amd64.whl", hash = "sha256:14e33b28bf17c7a38eede290f77db7c664e4eb01f7869e37fa98a5aa95978941"},
    {file = "pillow-11.2.1-cp312-cp312-win_arm64.whl", hash = "sha256:21e1470ac9e5739ff880c211fc3af01e3ae505859392bf65458c224d0bf283eb"},
    {file = "pillow-11.2.1-cp313-cp313-macosx_10_13_x86_64.whl", hash = "sha256:fdec757fea0b793056419bca3e9932eb2b0ceec90ef4813ea4c1e072c389eb28"},
    {file = "pillow-11.2.1-cp313-cp313-macosx_11_0_arm64.whl", hash = "sha256:b0e130705d568e2f43a17bcbe74d90958e8a16263868a12c3e0d9c8162690830"},
    {file = "pillow-11.2.1-cp313-cp313-manylinux_2_17_aarch64.manylinux2014_aarch64.whl", hash = "sha256:7bdb5e09068332578214cadd9c05e3d64d99e0e87591be22a324bdbc18925be0"},
    {file = "pillow-11.2.1-cp313-cp313-manylinux_2_17_x86_64.manylinux2014_x86_64.whl", hash = "sha256:d189ba1bebfbc0c0e529159631ec72bb9e9bc041f01ec6d3233d6d82eb823bc1"},
    {file = "pillow-11.2.1-cp313-cp313-manylinux_2_28_aarch64.whl", hash = "sha256:191955c55d8a712fab8934a42bfefbf99dd0b5875078240943f913bb66d46d9f"},
    {file = "pillow-11.2.1-cp313-cp313-manylinux_2_28_x86_64.whl", hash = "sha256:ad275964d52e2243430472fc5d2c2334b4fc3ff9c16cb0a19254e25efa03a155"},
    {file = "pillow-11.2.1-cp313-cp313-musllinux_1_2_aarch64.whl", hash = "sha256:750f96efe0597382660d8b53e90dd1dd44568a8edb51cb7f9d5d918b80d4de14"},
    {file = "pillow-11.2.1-cp313-cp313-musllinux_1_2_x86_64.whl", hash = "sha256:fe15238d3798788d00716637b3d4e7bb6bde18b26e5d08335a96e88564a36b6b"},
    {file = "pillow-11.2.1-cp313-cp313-win32.whl", hash = "sha256:3fe735ced9a607fee4f481423a9c36701a39719252a9bb251679635f99d0f7d2"},
    {file = "pillow-11.2.1-cp313-cp313-win_amd64.whl", hash = "sha256:74ee3d7ecb3f3c05459ba95eed5efa28d6092d751ce9bf20e3e253a4e497e691"},
    {file = "pillow-11.2.1-cp313-cp313-win_arm64.whl", hash = "sha256:5119225c622403afb4b44bad4c1ca6c1f98eed79db8d3bc6e4e160fc6339d66c"},
    {file = "pillow-11.2.1-cp313-cp313t-macosx_10_13_x86_64.whl", hash = "sha256:8ce2e8411c7aaef53e6bb29fe98f28cd4fbd9a1d9be2eeea434331aac0536b22"},
    {file = "pillow-11.2.1-cp313-cp313t-macosx_11_0_arm64.whl", hash = "sha256:9ee66787e095127116d91dea2143db65c7bb1e232f617aa5957c0d9d2a3f23a7"},
    {file = "pillow-11.2.1-cp313-cp313t-manylinux_2_17_aarch64.manylinux2014_aarch64.whl", hash = "sha256:9622e3b6c1d8b551b6e6f21873bdcc55762b4b2126633014cea1803368a9aa16"},
    {file = "pillow-11.2.1-cp313-cp313t-manylinux_2_17_x86_64.manylinux2014_x86_64.whl", hash = "sha256:63b5dff3a68f371ea06025a1a6966c9a1e1ee452fc8020c2cd0ea41b83e9037b"},
    {file = "pillow-11.2.1-cp313-cp313t-manylinux_2_28_aarch64.whl", hash = "sha256:31df6e2d3d8fc99f993fd253e97fae451a8db2e7207acf97859732273e108406"},
    {file = "pillow-11.2.1-cp313-cp313t-manylinux_2_28_x86_64.whl", hash = "sha256:062b7a42d672c45a70fa1f8b43d1d38ff76b63421cbbe7f88146b39e8a558d91"},
    {file = "pillow-11.2.1-cp313-cp313t-musllinux_1_2_aarch64.whl", hash = "sha256:4eb92eca2711ef8be42fd3f67533765d9fd043b8c80db204f16c8ea62ee1a751"},
    {file = "pillow-11.2.1-cp313-cp313t-musllinux_1_2_x86_64.whl", hash = "sha256:f91ebf30830a48c825590aede79376cb40f110b387c17ee9bd59932c961044f9"},
    {file = "pillow-11.2.1-cp313-cp313t-win32.whl", hash = "sha256:e0b55f27f584ed623221cfe995c912c61606be8513bfa0e07d2c674b4516d9dd"},
    {file = "pillow-11.2.1-cp313-cp313t-win_amd64.whl", hash = "sha256:36d6b82164c39ce5482f649b437382c0fb2395eabc1e2b1702a6deb8ad647d6e"},
    {file = "pillow-11.2.1-cp313-cp313t-win_arm64.whl", hash = "sha256:225c832a13326e34f212d2072982bb1adb210e0cc0b153e688743018c94a2681"},
    {file = "pillow-11.2.1-cp39-cp39-macosx_10_10_x86_64.whl", hash = "sha256:7491cf8a79b8eb867d419648fff2f83cb0b3891c8b36da92cc7f1931d46108c8"},
    {file = "pillow-11.2.1-cp39-cp39-macosx_11_0_arm64.whl", hash = "sha256:8b02d8f9cb83c52578a0b4beadba92e37d83a4ef11570a8688bbf43f4ca50909"},
    {file = "pillow-11.2.1-cp39-cp39-manylinux_2_17_aarch64.manylinux2014_aarch64.whl", hash = "sha256:014ca0050c85003620526b0ac1ac53f56fc93af128f7546623cc8e31875ab928"},
    {file = "pillow-11.2.1-cp39-cp39-manylinux_2_17_x86_64.manylinux2014_x86_64.whl", hash = "sha256:3692b68c87096ac6308296d96354eddd25f98740c9d2ab54e1549d6c8aea9d79"},
    {file = "pillow-11.2.1-cp39-cp39-manylinux_2_28_aarch64.whl", hash = "sha256:f781dcb0bc9929adc77bad571b8621ecb1e4cdef86e940fe2e5b5ee24fd33b35"},
    {file = "pillow-11.2.1-cp39-cp39-manylinux_2_28_x86_64.whl", hash = "sha256:2b490402c96f907a166615e9a5afacf2519e28295f157ec3a2bb9bd57de638cb"},
    {file = "pillow-11.2.1-cp39-cp39-musllinux_1_2_aarch64.whl", hash = "sha256:dd6b20b93b3ccc9c1b597999209e4bc5cf2853f9ee66e3fc9a400a78733ffc9a"},
    {file = "pillow-11.2.1-cp39-cp39-musllinux_1_2_x86_64.whl", hash = "sha256:4b835d89c08a6c2ee7781b8dd0a30209a8012b5f09c0a665b65b0eb3560b6f36"},
    {file = "pillow-11.2.1-cp39-cp39-win32.whl", hash = "sha256:b10428b3416d4f9c61f94b494681280be7686bda15898a3a9e08eb66a6d92d67"},
    {file = "pillow-11.2.1-cp39-cp39-win_amd64.whl", hash = "sha256:6ebce70c3f486acf7591a3d73431fa504a4e18a9b97ff27f5f47b7368e4b9dd1"},
    {file = "pillow-11.2.1-cp39-cp39-win_arm64.whl", hash = "sha256:c27476257b2fdcd7872d54cfd119b3a9ce4610fb85c8e32b70b42e3680a29a1e"},
    {file = "pillow-11.2.1-pp310-pypy310_pp73-macosx_10_15_x86_64.whl", hash = "sha256:9b7b0d4fd2635f54ad82785d56bc0d94f147096493a79985d0ab57aedd563156"},
    {file = "pillow-11.2.1-pp310-pypy310_pp73-macosx_11_0_arm64.whl", hash = "sha256:aa442755e31c64037aa7c1cb186e0b369f8416c567381852c63444dd666fb772"},
    {file = "pillow-11.2.1-pp310-pypy310_pp73-manylinux_2_17_aarch64.manylinux2014_aarch64.whl", hash = "sha256:f0d3348c95b766f54b76116d53d4cb171b52992a1027e7ca50c81b43b9d9e363"},
    {file = "pillow-11.2.1-pp310-pypy310_pp73-manylinux_2_17_x86_64.manylinux2014_x86_64.whl", hash = "sha256:85d27ea4c889342f7e35f6d56e7e1cb345632ad592e8c51b693d7b7556043ce0"},
    {file = "pillow-11.2.1-pp310-pypy310_pp73-manylinux_2_28_aarch64.whl", hash = "sha256:bf2c33d6791c598142f00c9c4c7d47f6476731c31081331664eb26d6ab583e01"},
    {file = "pillow-11.2.1-pp310-pypy310_pp73-manylinux_2_28_x86_64.whl", hash = "sha256:e616e7154c37669fc1dfc14584f11e284e05d1c650e1c0f972f281c4ccc53193"},
    {file = "pillow-11.2.1-pp310-pypy310_pp73-win_amd64.whl", hash = "sha256:39ad2e0f424394e3aebc40168845fee52df1394a4673a6ee512d840d14ab3013"},
    {file = "pillow-11.2.1-pp311-pypy311_pp73-macosx_10_15_x86_64.whl", hash = "sha256:80f1df8dbe9572b4b7abdfa17eb5d78dd620b1d55d9e25f834efdbee872d3aed"},
    {file = "pillow-11.2.1-pp311-pypy311_pp73-macosx_11_0_arm64.whl", hash = "sha256:ea926cfbc3957090becbcbbb65ad177161a2ff2ad578b5a6ec9bb1e1cd78753c"},
    {file = "pillow-11.2.1-pp311-pypy311_pp73-manylinux_2_17_aarch64.manylinux2014_aarch64.whl", hash = "sha256:738db0e0941ca0376804d4de6a782c005245264edaa253ffce24e5a15cbdc7bd"},
    {file = "pillow-11.2.1-pp311-pypy311_pp73-manylinux_2_17_x86_64.manylinux2014_x86_64.whl", hash = "sha256:9db98ab6565c69082ec9b0d4e40dd9f6181dab0dd236d26f7a50b8b9bfbd5076"},
    {file = "pillow-11.2.1-pp311-pypy311_pp73-manylinux_2_28_aarch64.whl", hash = "sha256:036e53f4170e270ddb8797d4c590e6dd14d28e15c7da375c18978045f7e6c37b"},
    {file = "pillow-11.2.1-pp311-pypy311_pp73-manylinux_2_28_x86_64.whl", hash = "sha256:14f73f7c291279bd65fda51ee87affd7c1e097709f7fdd0188957a16c264601f"},
    {file = "pillow-11.2.1-pp311-pypy311_pp73-win_amd64.whl", hash = "sha256:208653868d5c9ecc2b327f9b9ef34e0e42a4cdd172c2988fd81d62d2bc9bc044"},
    {file = "pillow-11.2.1.tar.gz", hash = "sha256:a64dd61998416367b7ef979b73d3a85853ba9bec4c2925f74e588879a58716b6"},
]

[package.extras]
docs = ["furo", "olefile", "sphinx (>=8.2)", "sphinx-copybutton", "sphinx-inline-tabs", "sphinxext-opengraph"]
fpx = ["olefile"]
mic = ["olefile"]
test-arrow = ["pyarrow"]
tests = ["check-manifest", "coverage (>=7.4.2)", "defusedxml", "markdown2", "olefile", "packaging", "pyroma", "pytest", "pytest-cov", "pytest-timeout", "trove-classifiers (>=2024.10.12)"]
typing = ["typing-extensions ; python_version < \"3.10\""]
xmp = ["defusedxml"]

[[package]]
name = "pillow-avif-plugin"
version = "1.5.2"
description = "A pillow plugin that adds avif support via libavif"
optional = false
python-versions = "*"
groups = ["main"]
files = [
    {file = "pillow_avif_plugin-1.5.2-cp27-cp27m-macosx_10_10_x86_64.whl", hash = "sha256:5a40ece14757c2bd6b49a7feb86ad062dc225541a6a9b5b0c7e766a380cff7f5"},
    {file = "pillow_avif_plugin-1.5.2-cp27-cp27m-macosx_11_0_arm64.whl", hash = "sha256:4f53f4f29586389b1d24aa1cfcfda3391d868dd3f5639d21c32f893322e10b78"},
    {file = "pillow_avif_plugin-1.5.2-cp27-cp27mu-manylinux2010_x86_64.whl", hash = "sha256:9379c99654d5a39ef40796b47b4715054cd2abf80b8980c61ca06790b75b71d8"},
    {file = "pillow_avif_plugin-1.5.2-cp310-cp310-macosx_10_10_x86_64.whl", hash = "sha256:da85d6c6f5579c346a95a87ada14781d3819b4fab37a6e6d681798059e0bfe30"},
    {file = "pillow_avif_plugin-1.5.2-cp310-cp310-macosx_11_0_arm64.whl", hash = "sha256:ad8827df36e678a65f637ac287899ac3faecde8cb31f38d3dcd35d39f3909aa8"},
    {file = "pillow_avif_plugin-1.5.2-cp310-cp310-manylinux_2_17_aarch64.manylinux2014_aarch64.whl", hash = "sha256:9150e3b511e677b6739df27f21008cf2c54184dffefa2f50dc14eea8b0266149"},
    {file = "pillow_avif_plugin-1.5.2-cp310-cp310-manylinux_2_17_x86_64.manylinux2014_x86_64.whl", hash = "sha256:985fb169f886f4402cc8368ba482af02dc16aacf1734aba8009e23612e3221d5"},
    {file = "pillow_avif_plugin-1.5.2-cp310-cp310-manylinux_2_28_aarch64.whl", hash = "sha256:15c65a3953875d349cac86012ec1d89a5837bc3bbff1a38cf00d1118d4e00aee"},
    {file = "pillow_avif_plugin-1.5.2-cp310-cp310-manylinux_2_28_x86_64.whl", hash = "sha256:9cfc621c718439c5de450963c6f2e8b4ca60fa7638959942e552de60b1154edb"},
    {file = "pillow_avif_plugin-1.5.2-cp310-cp310-musllinux_1_2_aarch64.whl", hash = "sha256:2d3a86f87cf478cf3381542ef43240ad771c80b434974172545e691260326c94"},
    {file = "pillow_avif_plugin-1.5.2-cp310-cp310-musllinux_1_2_x86_64.whl", hash = "sha256:d409d876952b83e72e9abf49a91914d6184b4973b0327c4400d63afa1c257980"},
    {file = "pillow_avif_plugin-1.5.2-cp310-cp310-win_amd64.whl", hash = "sha256:6dacc720eba1845b7a85f5398ba2f1c876aca614e367be1f97f5be7e6d109128"},
    {file = "pillow_avif_plugin-1.5.2-cp311-cp311-macosx_10_10_x86_64.whl", hash = "sha256:b523f1958230b967c57dbfb413af590aa6b62de240a22ad9d7fc8a37b1f9ce5a"},
    {file = "pillow_avif_plugin-1.5.2-cp311-cp311-macosx_11_0_arm64.whl", hash = "sha256:8e328eb07fb1ff91930f3b8e9a630855502ea6f881452e791f2930ca0fcd5c03"},
    {file = "pillow_avif_plugin-1.5.2-cp311-cp311-manylinux_2_17_aarch64.manylinux2014_aarch64.whl", hash = "sha256:3fe069c09fe2c83c9fdf94302a1f1711873f31eaf6fa2e00f3c1846497caf39a"},
    {file = "pillow_avif_plugin-1.5.2-cp311-cp311-manylinux_2_17_x86_64.manylinux2014_x86_64.whl", hash = "sha256:1d981ab9e5237b5672b8a8bba5e7f7f27069474d53ce2036af935ec2f4ee4d16"},
    {file = "pillow_avif_plugin-1.5.2-cp311-cp311-manylinux_2_28_aarch64.whl", hash = "sha256:117ba8958750e9e3c3d0faa1fd1bb3a310548c6128ed29af31c089d73aded929"},
    {file = "pillow_avif_plugin-1.5.2-cp311-cp311-manylinux_2_28_x86_64.whl", hash = "sha256:70be3bcb50604f36cb86e82d76c2b452f8f25b7806d9d27195e547e5ea40ed7f"},
    {file = "pillow_avif_plugin-1.5.2-cp311-cp311-musllinux_1_2_aarch64.whl", hash = "sha256:068c8d985464f53b4cdf136e529be65b592486e475c775042be50966c091dfe9"},
    {file = "pillow_avif_plugin-1.5.2-cp311-cp311-musllinux_1_2_x86_64.whl", hash = "sha256:b943133b7b92f9b5f2f4cae8d8da40cf99c170e60aee119c9746baf79462c614"},
    {file = "pillow_avif_plugin-1.5.2-cp311-cp311-win_amd64.whl", hash = "sha256:92637128e5a129562d7ecb64c0b5b7e35090ecee6097eaf5f46cac0c29c4e53a"},
    {file = "pillow_avif_plugin-1.5.2-cp312-cp312-macosx_10_13_x86_64.whl", hash = "sha256:0ec28185f536857965be2156e13231274d58a154504db3da4dcda772e391cf5f"},
    {file = "pillow_avif_plugin-1.5.2-cp312-cp312-macosx_11_0_arm64.whl", hash = "sha256:e36b3cbf5e61b15d2fa213508cf348251e7830ebeff1d97e4e18c55cc0c3b784"},
    {file = "pillow_avif_plugin-1.5.2-cp312-cp312-manylinux_2_17_aarch64.manylinux2014_aarch64.whl", hash = "sha256:c8098ceed3f76c38b61a35221f0db0205d81d06ff87f4ec11175c90bc66f8c1d"},
    {file = "pillow_avif_plugin-1.5.2-cp312-cp312-manylinux_2_17_x86_64.manylinux2014_x86_64.whl", hash = "sha256:2075069ba6c00236cf7aed66c15863e9ea44b280c20e270aa6f56173b7a380c3"},
    {file = "pillow_avif_plugin-1.5.2-cp312-cp312-manylinux_2_28_aarch64.whl", hash = "sha256:db7d4fc23d8f80ef4f9fdac8e0071856c4c8b9acfc3c4d5cb125d5299d6130b2"},
    {file = "pillow_avif_plugin-1.5.2-cp312-cp312-manylinux_2_28_x86_64.whl", hash = "sha256:8174501ed895508d5801d61fa9518252693125688dadac7fba79612f9bba623a"},
    {file = "pillow_avif_plugin-1.5.2-cp312-cp312-musllinux_1_2_aarch64.whl", hash = "sha256:25eeb443636a1c7f0bd0a6994436ad44de09e87648574a797cbd8620b8dcb52d"},
    {file = "pillow_avif_plugin-1.5.2-cp312-cp312-musllinux_1_2_x86_64.whl", hash = "sha256:5004a099d52a9a23dfa5b19382a48c0f0930de6231deb013222867fea8948712"},
    {file = "pillow_avif_plugin-1.5.2-cp312-cp312-win_amd64.whl", hash = "sha256:0bc8cec59b5d9c2020cdc6d218081b4d7b0dd60270a24f9174d6b91438a3aa5a"},
    {file = "pillow_avif_plugin-1.5.2-cp313-cp313-macosx_10_13_x86_64.whl", hash = "sha256:5be8435d2ebf0972f6c2ef69d8869e5875f5cd77c69c9606e0145595b81f7790"},
    {file = "pillow_avif_plugin-1.5.2-cp313-cp313-macosx_11_0_arm64.whl", hash = "sha256:d2e571b845da4ea4fc16d647e64656bc754840a10ad5ef9fd020d389ea664c9d"},
    {file = "pillow_avif_plugin-1.5.2-cp313-cp313-manylinux_2_17_aarch64.manylinux2014_aarch64.whl", hash = "sha256:35d61a9b586793c93e439b9181c201bc34c67cc4817f8f5625b8df37f0a25efe"},
    {file = "pillow_avif_plugin-1.5.2-cp313-cp313-manylinux_2_17_x86_64.manylinux2014_x86_64.whl", hash = "sha256:84fce3d0ef7b5c8ecf5a1a29da487c824b93bf33680de31829e8179bd4511548"},
    {file = "pillow_avif_plugin-1.5.2-cp313-cp313-manylinux_2_28_aarch64.whl", hash = "sha256:e0ac45d820bcb895d0667d18a61bf0c940ea4659fcbe991d7ce767ec062c175c"},
    {file = "pillow_avif_plugin-1.5.2-cp313-cp313-manylinux_2_28_x86_64.whl", hash = "sha256:8b0c86ade32600b832f2323409239fadd46d17a05380d11836e7fc24e54c170a"},
    {file = "pillow_avif_plugin-1.5.2-cp313-cp313-musllinux_1_2_aarch64.whl", hash = "sha256:d639ef381496e0306e43cccd9bf384e0eccba979b6758c2aa4986fb25b920cab"},
    {file = "pillow_avif_plugin-1.5.2-cp313-cp313-musllinux_1_2_x86_64.whl", hash = "sha256:3b168757ee646a0b53f58da978b73dc1c5f98da9d36b52908055d54d0a48c845"},
    {file = "pillow_avif_plugin-1.5.2-cp313-cp313-win_amd64.whl", hash = "sha256:b840a431dbb04f60a18bbd2e28c2b26d845efcddd28f98e9386eb5a5938a3b38"},
    {file = "pillow_avif_plugin-1.5.2-cp313-cp313t-macosx_10_13_x86_64.whl", hash = "sha256:4fb6744377634b28b0ed54fd12a1e6fa6cf09633dc7608958595d2659e1186a8"},
    {file = "pillow_avif_plugin-1.5.2-cp313-cp313t-macosx_11_0_arm64.whl", hash = "sha256:ea00363749cd6c359c054b920fef0cd1f4864af7920c86886339128d704298a3"},
    {file = "pillow_avif_plugin-1.5.2-cp313-cp313t-manylinux_2_17_aarch64.manylinux2014_aarch64.whl", hash = "sha256:f4b36cce231d6e0fa09972a1558eac18e94a29d83342129488f0a1fcb4509cb8"},
    {file = "pillow_avif_plugin-1.5.2-cp313-cp313t-manylinux_2_17_x86_64.manylinux2014_x86_64.whl", hash = "sha256:4053ec0a6767229703d05fd4d47c39b92b6044e14489ed8e79f485c8d96a9ad3"},
    {file = "pillow_avif_plugin-1.5.2-cp313-cp313t-manylinux_2_28_aarch64.whl", hash = "sha256:6830b27e41669b9008dc4d9d69f3d66d2ee3d26367b4aa59c229cc5ffc702748"},
    {file = "pillow_avif_plugin-1.5.2-cp313-cp313t-manylinux_2_28_x86_64.whl", hash = "sha256:cf0e32a6a6635de41aabc196a7d888431553e78aae51e25d6602d384ef91be8b"},
    {file = "pillow_avif_plugin-1.5.2-cp313-cp313t-musllinux_1_2_aarch64.whl", hash = "sha256:bc6bb9a7103b57dcfdea910330323d330220c2e89d71f8182f1dff773f10a12d"},
    {file = "pillow_avif_plugin-1.5.2-cp313-cp313t-musllinux_1_2_x86_64.whl", hash = "sha256:b54e18be1cf28bacf4da3c132fcf9ae9ff7b5dd6c8f5576dd66f0a099b0d1f7a"},
    {file = "pillow_avif_plugin-1.5.2-cp313-cp313t-win_amd64.whl", hash = "sha256:981b3205d8389f88e7fccacb25f2c75668a371b8346771cc36bd35cae05560dd"},
    {file = "pillow_avif_plugin-1.5.2-cp37-cp37m-macosx_10_10_x86_64.whl", hash = "sha256:eed2040018347ae3ded70c23855de09b5eeb4195abea3500d6922a2cb468202e"},
    {file = "pillow_avif_plugin-1.5.2-cp37-cp37m-macosx_11_0_arm64.whl", hash = "sha256:745f6eaf3be6c705bca24d535ccbc78076eb01fcebcca34eb290a188fd491192"},
    {file = "pillow_avif_plugin-1.5.2-cp37-cp37m-manylinux_2_12_x86_64.manylinux2010_x86_64.whl", hash = "sha256:7d32012f4dde08f39973904954e5b3770cbbf1e914ff26eb2bef4b91016af386"},
    {file = "pillow_avif_plugin-1.5.2-cp38-cp38-macosx_10_10_x86_64.whl", hash = "sha256:63ac9e8b77a588e0e0011aa1259bf988a5507781eac55e8819f7e703a5acc689"},
    {file = "pillow_avif_plugin-1.5.2-cp38-cp38-macosx_11_0_arm64.whl", hash = "sha256:04c48942c3bf354c00c2d2f199f33489b2fafb13db234ad892b7709c9f23b4ed"},
    {file = "pillow_avif_plugin-1.5.2-cp38-cp38-manylinux_2_17_aarch64.manylinux2014_aarch64.whl", hash = "sha256:f664451b1aeb1b7fd166981ddf5e4c5c2a85ccd6269a93d4f632247c71f5a87a"},
    {file = "pillow_avif_plugin-1.5.2-cp38-cp38-manylinux_2_17_x86_64.manylinux2014_x86_64.whl", hash = "sha256:43238ae81a486cfd9270deadefafee9dc31e6ae658127aa0d60a77d1bfb41898"},
    {file = "pillow_avif_plugin-1.5.2-cp38-cp38-musllinux_1_1_x86_64.whl", hash = "sha256:3d328ef3188b44caaaead1588a316c252530547cc411818bb3e5c884bbd74ff0"},
    {file = "pillow_avif_plugin-1.5.2-cp39-cp39-macosx_10_10_x86_64.whl", hash = "sha256:0e54cc7310e78fc33542e964bd49e6df61349101d3629ce66f50539fcaad4375"},
    {file = "pillow_avif_plugin-1.5.2-cp39-cp39-macosx_11_0_arm64.whl", hash = "sha256:3d51eca18f86f7dfdf0f1da62a0875cf827b63a2eccee5a8c34692f626b8dc29"},
    {file = "pillow_avif_plugin-1.5.2-cp39-cp39-manylinux_2_17_aarch64.manylinux2014_aarch64.whl", hash = "sha256:65f64e3fda6d41a6767204ba7df8c20e903347da3339ba2c52a3696d6f24dd3c"},
    {file = "pillow_avif_plugin-1.5.2-cp39-cp39-manylinux_2_17_x86_64.manylinux2014_x86_64.whl", hash = "sha256:fd0f57440c803b298e32a0165a0e383919baa09f074d8726f257c5bd784fe5da"},
    {file = "pillow_avif_plugin-1.5.2-cp39-cp39-manylinux_2_28_aarch64.whl", hash = "sha256:a48a18a4bda329932c69238ce437973e892d824c946c9b49c64b7058b1e3167c"},
    {file = "pillow_avif_plugin-1.5.2-cp39-cp39-manylinux_2_28_x86_64.whl", hash = "sha256:9fa26e0e96aaaa9c0bd0ee22619573936f6e3d3573330d24106aff17a50d1f49"},
    {file = "pillow_avif_plugin-1.5.2-cp39-cp39-musllinux_1_2_aarch64.whl", hash = "sha256:727c9175a067e1d55d8c6424db59cb247a56f33dcb22b440c196d88e2637e36e"},
    {file = "pillow_avif_plugin-1.5.2-cp39-cp39-musllinux_1_2_x86_64.whl", hash = "sha256:488afdb880e479435e71836dd5381dfc326d738d75b9ba9be4c8031d3950dba2"},
    {file = "pillow_avif_plugin-1.5.2-cp39-cp39-win_amd64.whl", hash = "sha256:70f1695f735eed84ca6b689d58087dec96c1efd0562a9d84ddbaa6a9f017c509"},
    {file = "pillow_avif_plugin-1.5.2-pp310-pypy310_pp73-macosx_10_15_x86_64.whl", hash = "sha256:9dc9c12fcde5c84f36936becacb2962f3d2f173bc23c1f4677e41566ce63125b"},
    {file = "pillow_avif_plugin-1.5.2-pp310-pypy310_pp73-macosx_11_0_arm64.whl", hash = "sha256:9f12f5930d682c6886a6fde0cb84da6478b63e3c33013e4c71f37038e965c32d"},
    {file = "pillow_avif_plugin-1.5.2-pp310-pypy310_pp73-manylinux_2_17_aarch64.manylinux2014_aarch64.whl", hash = "sha256:978357584726321e4b52c28851cd530689dd8b5b6a732e8a90c724922a0cfd67"},
    {file = "pillow_avif_plugin-1.5.2-pp310-pypy310_pp73-manylinux_2_17_x86_64.manylinux2014_x86_64.whl", hash = "sha256:2feb189c651465c1f6869b0e0d7881382e50289d0d70befbcc59a7e52e49d11f"},
    {file = "pillow_avif_plugin-1.5.2-pp310-pypy310_pp73-manylinux_2_28_aarch64.whl", hash = "sha256:f17401f42d9c17b9f796ea3d49bd289d4f33840809046165cf887b1b00ee7721"},
    {file = "pillow_avif_plugin-1.5.2-pp310-pypy310_pp73-manylinux_2_28_x86_64.whl", hash = "sha256:bf2e4c84fbddd0e301798f64e8359d56e1346b5b3ac4ce3f6293ecf99dc76e65"},
    {file = "pillow_avif_plugin-1.5.2-pp310-pypy310_pp73-win_amd64.whl", hash = "sha256:7c2e27fc3ab0514eeff7b3f9f17770fdf5934e84acc84334a051322ff1be1b84"},
    {file = "pillow_avif_plugin-1.5.2.tar.gz", hash = "sha256:811e0dc8be1e44393d2e3865ec330a8a8a1194b94eb8cfca6fa778e3f476d649"},
]

[package.extras]
tests = ["packaging", "pillow", "pytest", "pytest-cov", "test-image-results"]

[[package]]
name = "rectangle-packer"
version = "2.0.4"
description = "Pack a set of rectangles into a bounding box with minimum area"
optional = false
python-versions = "*"
groups = ["main"]
files = [
    {file = "rectangle_packer-2.0.4-cp310-cp310-macosx_10_9_x86_64.whl", hash = "sha256:34568e0fa129aede346bdadcc50928e0da1f97b44682d571840932e5f54659e5"},
    {file = "rectangle_packer-2.0.4-cp310-cp310-macosx_11_0_arm64.whl", hash = "sha256:ed26f3acc089c373a37e797419c8bac1a0c3bf1f59a0f4e6c0bf989f013dcc82"},
    {file = "rectangle_packer-2.0.4-cp310-cp310-manylinux_2_17_aarch64.manylinux2014_aarch64.whl", hash = "sha256:dd8271ae3faf1b9a6644ba098ccaa07ff421517bff266420ea3f81f56fa7d2a9"},
    {file = "rectangle_packer-2.0.4-cp310-cp310-manylinux_2_5_i686.manylinux1_i686.manylinux_2_17_i686.manylinux2014_i686.whl", hash = "sha256:2a86cc7bc32e1edddbcf7c90a524697a2dd081ed0236064e390b81f3bb88b1ad"},
    {file = "rectangle_packer-2.0.4-cp310-cp310-manylinux_2_5_x86_64.manylinux1_x86_64.manylinux_2_17_x86_64.manylinux2014_x86_64.whl", hash = "sha256:babe18f1f0cb59e52ce012ff9275c8b5524e6340135c4eccbd8ffe404c99d2bd"},
    {file = "rectangle_packer-2.0.4-cp310-cp310-musllinux_1_2_aarch64.whl", hash = "sha256:6e4db77f4a2f57e695624e72c1645f342cfddac67a33fe4bef91074ce04434c4"},
    {file = "rectangle_packer-2.0.4-cp310-cp310-musllinux_1_2_i686.whl", hash = "sha256:36091942b97cf5865232f69052f08ea77b8ce2720515830f7fcfb64fdc7a7b70"},
    {file = "rectangle_packer-2.0.4-cp310-cp310-musllinux_1_2_x86_64.whl", hash = "sha256:8e63a4f02d13a9b1517e270f090914e88a5c8819d1c038636eb0c24d9910d734"},
    {file = "rectangle_packer-2.0.4-cp310-cp310-win32.whl", hash = "sha256:a3b6216f8f42ffda7e871fc32b02ad1bd3612bc3020da42dfd3d408131809f4d"},
    {file = "rectangle_packer-2.0.4-cp310-cp310-win_amd64.whl", hash = "sha256:1ef4bfc3695ccf6ceacfd6198a9b4854e73fa590c80da72c59e9872faf7bdd0e"},
    {file = "rectangle_packer-2.0.4-cp311-cp311-macosx_10_9_x86_64.whl", hash = "sha256:9a79ae6cfabed29946c68c883d7e47218c52060c26447c526529938d26ee7ec8"},
    {file = "rectangle_packer-2.0.4-cp311-cp311-macosx_11_0_arm64.whl", hash = "sha256:fd2bc7c0d170b0d98933af79ad8908efb8ce4c149da6fbe69b8047047ad4edc6"},
    {file = "rectangle_packer-2.0.4-cp311-cp311-manylinux_2_17_aarch64.manylinux2014_aarch64.whl", hash = "sha256:b1e521c6394596fc45820f1ec1d1f00c2979862269b0f323513ddc9db3141dd6"},
    {file = "rectangle_packer-2.0.4-cp311-cp311-manylinux_2_5_i686.manylinux1_i686.manylinux_2_17_i686.manylinux2014_i686.whl", hash = "sha256:80db358b60080dcff7cf3b00772f36c4ceabb75be2cdb0b904766f8d711f3d7e"},
    {file = "rectangle_packer-2.0.4-cp311-cp311-manylinux_2_5_x86_64.manylinux1_x86_64.manylinux_2_17_x86_64.manylinux2014_x86_64.whl", hash = "sha256:fed3211d6f737f3a60683ea8cd2e0ef7abb061e987eddfaee283790737728430"},
    {file = "rectangle_packer-2.0.4-cp311-cp311-musllinux_1_2_aarch64.whl", hash = "sha256:4a4f59f53fc49f683d07933905b8190d3e2800165b0af2a6304ec5dc304c7809"},
    {file = "rectangle_packer-2.0.4-cp311-cp311-musllinux_1_2_i686.whl", hash = "sha256:1d60d0755b4220275b25fb01620304ce7c76d9cc1fcce71e643be4cbc2be70d2"},
    {file = "rectangle_packer-2.0.4-cp311-cp311-musllinux_1_2_x86_64.whl", hash = "sha256:004053f8252cb33679a342a070dfde507d4c9d8a7b3d797599699f8433aca4e4"},
    {file = "rectangle_packer-2.0.4-cp311-cp311-win32.whl", hash = "sha256:703dfdd894fc2500e06487847708e3c4483396a19b0b91dacbb8e4449e82e6a2"},
    {file = "rectangle_packer-2.0.4-cp311-cp311-win_amd64.whl", hash = "sha256:0c1d1cf44f9f0c424e4ba1d321308697c6496c91ab7c18c78fe973e8d7e8ad5a"},
    {file = "rectangle_packer-2.0.4-cp312-cp312-macosx_10_13_x86_64.whl", hash = "sha256:30e3a5f20f1e9520aeef1229972865c0b6a7475b4f0c6dde70be5b7edd7ae60e"},
    {file = "rectangle_packer-2.0.4-cp312-cp312-macosx_11_0_arm64.whl", hash = "sha256:0e9df8c1f126e38e65ac3d543300df9d6ec7debbca44619eb913fb7adc7a5cc3"},
    {file = "rectangle_packer-2.0.4-cp312-cp312-manylinux_2_17_aarch64.manylinux2014_aarch64.whl", hash = "sha256:b89e6ddd1c73900885b38b2e9517b9f8bec09f9118dbc29e1b8a6ca4a259dba1"},
    {file = "rectangle_packer-2.0.4-cp312-cp312-manylinux_2_5_i686.manylinux1_i686.manylinux_2_17_i686.manylinux2014_i686.whl", hash = "sha256:fde37f3d84b3aea256b1b1446d212e309f5e7c86e803e2a673fecea422ba78ba"},
    {file = "rectangle_packer-2.0.4-cp312-cp312-manylinux_2_5_x86_64.manylinux1_x86_64.manylinux_2_17_x86_64.manylinux2014_x86_64.whl", hash = "sha256:d4b55f724eab7e82b70680ac7275c0c96d59acece8bd947285ff3dd024fd7cd2"},
    {file = "rectangle_packer-2.0.4-cp312-cp312-musllinux_1_2_aarch64.whl", hash = "sha256:e6125ca6d4a4ebafb8ab13fe5ace716668a6011a3859cc12c68f0803c327b072"},
    {file = "rectangle_packer-2.0.4-cp312-cp312-musllinux_1_2_i686.whl", hash = "sha256:f9b592cb7de1d5d9fb520d335e328e9a7758cbf20a42356824dd1acc9867e5b4"},
    {file = "rectangle_packer-2.0.4-cp312-cp312-musllinux_1_2_x86_64.whl", hash = "sha256:37482c91f7331e4dab5b97029fdc23f398529ca5aedccfd16ca01b287b4af89a"},
    {file = "rectangle_packer-2.0.4-cp312-cp312-win32.whl", hash = "sha256:14438726c635a040b35726a69b887372f8422c3a122ecf14b161be8649527745"},
    {file = "rectangle_packer-2.0.4-cp312-cp312-win_amd64.whl", hash = "sha256:731c1e028963d1fefd263a774984f2f4cfe044fb427e034829765723f118e512"},
    {file = "rectangle_packer-2.0.4-cp313-cp313-macosx_10_13_x86_64.whl", hash = "sha256:e7a668c44776ff8db9edb0df17f996d4eac6b1842d9a23ddd48bf7f0968744e4"},
    {file = "rectangle_packer-2.0.4-cp313-cp313-macosx_11_0_arm64.whl", hash = "sha256:84a0c386496264aaa0ab688e66c7952e1d0115edaf761b3b85feb1b8b718c98a"},
    {file = "rectangle_packer-2.0.4-cp313-cp313-manylinux_2_17_aarch64.manylinux2014_aarch64.whl", hash = "sha256:097b0b8655dc2da8c45a0e5efff465a2b154680383bfacb3a893f2f459ad1d15"},
    {file = "rectangle_packer-2.0.4-cp313-cp313-manylinux_2_5_i686.manylinux1_i686.manylinux_2_17_i686.manylinux2014_i686.whl", hash = "sha256:507089254bcf7b3c88338b857b076c5206e9ee90de7b4e1a668b2cf943dbb5c7"},
    {file = "rectangle_packer-2.0.4-cp313-cp313-manylinux_2_5_x86_64.manylinux1_x86_64.manylinux_2_17_x86_64.manylinux2014_x86_64.whl", hash = "sha256:ecef96aa7a63b8eba12ee22412830a7feed9d6504a87c50708fdf33bb5151e1a"},
    {file = "rectangle_packer-2.0.4-cp313-cp313-musllinux_1_2_aarch64.whl", hash = "sha256:d9a732ae26f09e067a11074d5f56b9a6e6beca9c15c4588ea3eb422e1e58455f"},
    {file = "rectangle_packer-2.0.4-cp313-cp313-musllinux_1_2_i686.whl", hash = "sha256:ce13ccd45b101d04d6eb514789dbe5c7ef927d7d1d4527d46a682b65339d5c8c"},
    {file = "rectangle_packer-2.0.4-cp313-cp313-musllinux_1_2_x86_64.whl", hash = "sha256:928e1d4c48187d0c9d7a8449e3cb3d2705f51dffa114bb24bdb3195bf5c0fcf9"},
    {file = "rectangle_packer-2.0.4-cp313-cp313-win32.whl", hash = "sha256:58b94d2aa98594c02d8b848a128c9b34f293fa709daa79cdca9d4916375e4048"},
    {file = "rectangle_packer-2.0.4-cp313-cp313-win_amd64.whl", hash = "sha256:be88cff1de041d4b14bcee09b6910580c8f891065332f64bf4ea79ff9c64a516"},
    {file = "rectangle_packer-2.0.4-cp39-cp39-macosx_10_9_x86_64.whl", hash = "sha256:099244b4d278a0738dc211ae26be2a181ad67fd2b5dab24fe6e0fb5e99a2a91c"},
    {file = "rectangle_packer-2.0.4-cp39-cp39-macosx_11_0_arm64.whl", hash = "sha256:7601279304ddb5fc24538fb9367d84083f07e0766359a2da49fb2d4edbdfce51"},
    {file = "rectangle_packer-2.0.4-cp39-cp39-manylinux_2_17_aarch64.manylinux2014_aarch64.whl", hash = "sha256:d33dea467acacf28888709623256e81fd935a45c2fbff875ffd2552cf1ed072f"},
    {file = "rectangle_packer-2.0.4-cp39-cp39-manylinux_2_5_i686.manylinux1_i686.manylinux_2_17_i686.manylinux2014_i686.whl", hash = "sha256:066220fcab8aca3d6cb8387213ce8776b632fcd4302d17e7e29bf10a67e81a80"},
    {file = "rectangle_packer-2.0.4-cp39-cp39-manylinux_2_5_x86_64.manylinux1_x86_64.manylinux_2_17_x86_64.manylinux2014_x86_64.whl", hash = "sha256:87a5331b82c66157f70cbb2825067200c8c3e767b537b21ac5d071369549e010"},
    {file = "rectangle_packer-2.0.4-cp39-cp39-musllinux_1_2_aarch64.whl", hash = "sha256:ea64c7ce27f812d4408adc2cf2a7ccf9cd53f6caa46965b04d2087de0be920bc"},
    {file = "rectangle_packer-2.0.4-cp39-cp39-musllinux_1_2_i686.whl", hash = "sha256:bb0a560311924bda8ca8035530b97f72d6bde7d3cb85a838b135d3bceb5a348e"},
    {file = "rectangle_packer-2.0.4-cp39-cp39-musllinux_1_2_x86_64.whl", hash = "sha256:5da4a96f43805c000ec6234cf40b768d6d58bf04ab085aed4e38bb70ffb9d6b6"},
    {file = "rectangle_packer-2.0.4-cp39-cp39-win32.whl", hash = "sha256:7db427e237cc91795c0367d113173980cd5506e8cc0cd0e53338e0bcdf637366"},
    {file = "rectangle_packer-2.0.4-cp39-cp39-win_amd64.whl", hash = "sha256:dfc1f76577ce85b63dfc90bf80ee3d042d7ea2fc41f24138797cf4b5e24b40e6"},
    {file = "rectangle_packer-2.0.4.tar.gz", hash = "sha256:bddc7f8d94a08bed320b33392bfd00015e18ee315f6bc7b3deefcf35f7609c60"},
]

[metadata]
lock-version = "2.1"
python-versions = ">=3.9"
content-hash = "79abc56a9f7e67cadd7b25e0cd753d7d1eabcafba16e56d54221ad3034be4510"
